schema: '2.0'
stages:
  preprocessing:
    cmd: python .\src\job_post_nlp\preprocess.py
    deps:
    - path: .\data\Jobnet.xlsx
      hash: md5
      md5: 26964e5ea3bf422d0f744b6fab9af448
      size: 13307578
    - path: .\src\job_post_nlp\preprocess.py
      hash: md5
      md5: 4eb6c9d8c1f422fe7eeb41ed97b9b03e
      size: 2643
    params:
      params.yaml:
        preprocess.nobs: 200
    outs:
    - path: .\data\tokenized_texts.json
      hash: md5
      md5: 0a9d5afdc2f26252952fa9f8e9e8e333
      size: 1858145
  most_common:
    cmd: python .\src\job_post_nlp\models\most_common.py
    deps:
    - path: .\data\tokenized_texts.json
      hash: md5
      md5: 0a9d5afdc2f26252952fa9f8e9e8e333
      size: 1858145
    - path: .\src\job_post_nlp\models\most_common.py
      hash: md5
      md5: 3736fd63878b39f6bc17e28d3efd384c
      size: 3875
    params:
      params.yaml:
        most_common.top_n: 10
    outs:
    - path: .\outputs\most_common_words.json
      hash: md5
      md5: 89d9bd93722fbdfaeddd476bc754cb03
      size: 442
    - path: .\outputs\most_common_words_bar_plot.png
      hash: md5
      md5: d3f6cb49e97b488b43f4caa755f2ca9f
      size: 17044
  prepare:
    cmd: python src/job_post_nlp/prepare.py
    deps:
    - path: data/Jobnet.xlsx
      hash: md5
      md5: 26964e5ea3bf422d0f744b6fab9af448
      size: 13307578
    - path: src/job_post_nlp/prepare.py
      hash: md5
      md5: ee513ca1d025a185bb89ad0cac678cbd
      size: 3005
    params:
      params.yaml:
        prepare.nobs: 1000
    outs:
    - path: data/corpus.json
      hash: md5
      md5: fee51b989cd7e0cdba78f95a16a205fe
      size: 4761616
  train:
    cmd: python src/job_post_nlp/train.py
    deps:
    - path: data/corpus.json
      hash: md5
      md5: fee51b989cd7e0cdba78f95a16a205fe
      size: 4761616
    - path: src/job_post_nlp/train.py
      hash: md5
      md5: dd64c899c1bc5ea2c3a2be6a435fbb6f
      size: 3003
    params:
      params.yaml:
        train.top_n: 10
    outs:
    - path: data/most_common_words.json
      hash: md5
      md5: 3ca50dae3ff5ad3db721c6cc3da5946d
      size: 440
  evaluate:
    cmd: python src/job_post_nlp/evaluate.py
    deps:
    - path: data/most_common_words.json
      hash: md5
      md5: 3ca50dae3ff5ad3db721c6cc3da5946d
      size: 440
    - path: src/job_post_nlp/evaluate.py
      hash: md5
      md5: 50f4a81ebb334f6bfba18c3567c43e91
      size: 2592
